<?xml version="1.0" encoding="UTF-8" standalone="yes" ?>
<CodeBlocks_project_file>
	<FileVersion major="1" minor="6" />
	<Project>
		<Option title="arrgen" />
		<Option pch_mode="2" />
		<Option compiler="gcc" />
		<Build>
			<Target title="Debug">
				<Option output="bin/Debug/arrgen" prefix_auto="1" extension_auto="1" />
				<Option object_output="obj/Debug/" />
				<Option type="1" />
				<Option compiler="gcc" />
				<Compiler>
					<Add option="-g" />
				</Compiler>
				<ExtraCommands>
					<Add before="gperf -m 100 src/parameter_lookup.gperf &gt;gen_src/parameter_lookup.c" />
					<Add before="./createversionmessage.sh" />
				</ExtraCommands>
			</Target>
			<Target title="Release">
				<Option output="bin/Release/arrgen" prefix_auto="1" extension_auto="1" />
				<Option object_output="obj/Release/" />
				<Option type="1" />
				<Option compiler="gcc" />
				<Compiler>
					<Add option="-O2" />
					<Add option="-DNDEBUG=1" />
				</Compiler>
				<Linker>
					<Add option="-s" />
				</Linker>
				<ExtraCommands>
					<Add before="gperf -m 100 src/parameter_lookup.gperf &gt;gen_src/parameter_lookup.c" />
					<Add before="./createversionmessage.sh" />
				</ExtraCommands>
			</Target>
			<Target title="Example">
				<Option output="bin/Release/example" prefix_auto="1" extension_auto="1" />
				<Option object_output="obj/Release/" />
				<Option type="1" />
				<Option compiler="gcc" />
				<Compiler>
					<Add option="-O2" />
				</Compiler>
				<Linker>
					<Add option="-s" />
				</Linker>
			</Target>
		</Build>
		<Compiler>
			<Add option="-Wall" />
		</Compiler>
		<Unit filename="COPYING" />
		<Unit filename="Makefile" />
		<Unit filename="TODO" />
		<Unit filename="createversionmessage.sh">
			<Option target="Debug" />
			<Option target="Release" />
		</Unit>
		<Unit filename="example/Makefile">
			<Option target="Example" />
		</Unit>
		<Unit filename="example/example.arrgen">
			<Option target="Example" />
		</Unit>
		<Unit filename="example/example1.c">
			<Option compilerVar="CC" />
			<Option target="Example" />
		</Unit>
		<Unit filename="gen_src/build_version_message.h">
			<Option target="Debug" />
			<Option target="Release" />
		</Unit>
		<Unit filename="gen_src/parameter_lookup.c">
			<Option compilerVar="CC" />
			<Option target="Debug" />
			<Option target="Release" />
		</Unit>
		<Unit filename="src/arrgen.c">
			<Option compilerVar="CC" />
			<Option target="Debug" />
			<Option target="Release" />
		</Unit>
		<Unit filename="src/arrgen.h">
			<Option target="Debug" />
			<Option target="Release" />
		</Unit>
		<Unit filename="src/c_string_stuff.c">
			<Option compilerVar="CC" />
			<Option target="Debug" />
			<Option target="Release" />
		</Unit>
		<Unit filename="src/c_string_stuff.h">
			<Option target="Debug" />
			<Option target="Release" />
		</Unit>
		<Unit filename="src/errors.c">
			<Option compilerVar="CC" />
			<Option target="Debug" />
			<Option target="Release" />
		</Unit>
		<Unit filename="src/errors.h">
			<Option target="Debug" />
			<Option target="Release" />
		</Unit>
		<Unit filename="src/handlefile.c">
			<Option compilerVar="CC" />
			<Option target="Debug" />
			<Option target="Release" />
		</Unit>
		<Unit filename="src/handlefile.h">
			<Option target="Debug" />
			<Option target="Release" />
		</Unit>
		<Unit filename="src/pagesize.cpp">
			<Option target="Debug" />
			<Option target="Release" />
		</Unit>
		<Unit filename="src/parameter_lookup.gperf">
			<Option target="Debug" />
			<Option target="Release" />
		</Unit>
		<Unit filename="src/parameters.c">
			<Option compilerVar="CC" />
			<Option target="Debug" />
			<Option target="Release" />
		</Unit>
		<Unit filename="src/parameters.h">
			<Option target="Debug" />
			<Option target="Release" />
		</Unit>
		<Unit filename="src/version_message.h">
			<Option target="Debug" />
			<Option target="Release" />
		</Unit>
		<Unit filename="src/writearray.c">
			<Option compilerVar="CC" />
			<Option target="Debug" />
			<Option target="Release" />
		</Unit>
		<Unit filename="src/writearray.h">
			<Option target="Debug" />
			<Option target="Release" />
		</Unit>
		<Extensions />
	</Project>
</CodeBlocks_project_file>
